
Microsoft Visual Studio Solution File, Format Version 12.00
# Visual Studio 15
VisualStudioVersion = 15.0.28307.168
MinimumVisualStudioVersion = 10.0.40219.1
Project("{8BC9CEB8-8B4A-11D0-8D11-00A0C91BC942}") = "stm32f030f4_i2c_matrix_keypad", "stm32f030f4_i2c_matrix_keypad\stm32f030f4_i2c_matrix_keypad.vcxproj", "{E79117C1-90DB-4903-94BC-26EE138C85C1}"
EndProject
Global
	GlobalSection(SolutionConfigurationPlatforms) = preSolution
		Debug|VisualGDB = Debug|VisualGDB
		Release|VisualGDB = Release|VisualGDB
	EndGlobalSection
	GlobalSection(ProjectConfigurationPlatforms) = postSolution
		{E79117C1-90DB-4903-94BC-26EE138C85C1}.Debug|VisualGDB.ActiveCfg = Debug|VisualGDB
		{E79117C1-90DB-4903-94BC-26EE138C85C1}.Debug|VisualGDB.Build.0 = Debug|VisualGDB
		{E79117C1-90DB-4903-94BC-26EE138C85C1}.Release|VisualGDB.ActiveCfg = Release|VisualGDB
		{E79117C1-90DB-4903-94BC-26EE138C85C1}.Release|VisualGDB.Build.0 = Release|VisualGDB
	EndGlobalSection
	GlobalSection(SolutionProperties) = preSolution
		HideSolutionNode = FALSE
	EndGlobalSection
	GlobalSection(ExtensibilityGlobals) = postSolution
		SolutionGuid = {CBD7B51D-D0DE-42D4-B0DB-F1571D789731}
	EndGlobalSection
EndGlobal
